
Microsoft Visual Studio Solution File, Format Version 12.00
# Visual Studio Version 17
VisualStudioVersion = 17.4.33122.133
MinimumVisualStudioVersion = 10.0.40219.1
Project("{FAE04EC0-301F-11D3-BF4B-00C04F79EFBC}") = "CustomerApp", "CustomerApp\CustomerApp.csproj", "{6A2CE042-1004-4643-9758-761BACF29C64}"
EndProject
Global
	GlobalSection(SolutionConfigurationPlatforms) = preSolution
		Debug|Any CPU = Debug|Any CPU
		Release|Any CPU = Release|Any CPU
	EndGlobalSection
	GlobalSection(ProjectConfigurationPlatforms) = postSolution
		{6A2CE042-1004-4643-9758-761BACF29C64}.Debug|Any CPU.ActiveCfg = Debug|Any CPU
		{6A2CE042-1004-4643-9758-761BACF29C64}.Debug|Any CPU.Build.0 = Debug|Any CPU
		{6A2CE042-1004-4643-9758-761BACF29C64}.Release|Any CPU.ActiveCfg = Release|Any CPU
		{6A2CE042-1004-4643-9758-761BACF29C64}.Release|Any CPU.Build.0 = Release|Any CPU
	EndGlobalSection
	GlobalSection(SolutionProperties) = preSolution
		HideSolutionNode = FALSE
	EndGlobalSection
	GlobalSection(ExtensibilityGlobals) = postSolution
		SolutionGuid = {4D0457B7-7001-43D9-9068-433704ABF67F}
	EndGlobalSection
EndGlobal
